
Microsoft Visual Studio Solution File, Format Version 11.00
# Visual Studio 2010
Project("{FAE04EC0-301F-11D3-BF4B-00C04F79EFBC}") = "CUS.ICS.HoldsInfo", "CUS.ICS.HoldsInfoPortlet\CUS.ICS.HoldsInfo.csproj", "{8FE92ECD-39DD-404B-8ACB-E9BC57C4E292}"
EndProject
Global
	GlobalSection(SolutionConfigurationPlatforms) = preSolution
		Debug|Any CPU = Debug|Any CPU
		Release|Any CPU = Release|Any CPU
		test|Any CPU = test|Any CPU
	EndGlobalSection
	GlobalSection(ProjectConfigurationPlatforms) = postSolution
		{8FE92ECD-39DD-404B-8ACB-E9BC57C4E292}.Debug|Any CPU.ActiveCfg = Debug|Any CPU
		{8FE92ECD-39DD-404B-8ACB-E9BC57C4E292}.Debug|Any CPU.Build.0 = Debug|Any CPU
		{8FE92ECD-39DD-404B-8ACB-E9BC57C4E292}.Release|Any CPU.ActiveCfg = Release|Any CPU
		{8FE92ECD-39DD-404B-8ACB-E9BC57C4E292}.Release|Any CPU.Build.0 = Release|Any CPU
		{8FE92ECD-39DD-404B-8ACB-E9BC57C4E292}.test|Any CPU.ActiveCfg = test|Any CPU
		{8FE92ECD-39DD-404B-8ACB-E9BC57C4E292}.test|Any CPU.Build.0 = test|Any CPU
	EndGlobalSection
	GlobalSection(SolutionProperties) = preSolution
		HideSolutionNode = FALSE
	EndGlobalSection
EndGlobal
